
Microsoft Visual Studio Solution File, Format Version 12.00
# Visual Studio Version 17
VisualStudioVersion = 17.6.33829.357
MinimumVisualStudioVersion = 10.0.40219.1
Project("{FAE04EC0-301F-11D3-BF4B-00C04F79EFBC}") = "PL", "PL\PL.csproj", "{8552544D-D73D-4373-A4EF-6C84BBD6256E}"
EndProject
Project("{FAE04EC0-301F-11D3-BF4B-00C04F79EFBC}") = "BL", "BL\BL.csproj", "{F78AC3D0-E0F8-4280-B639-26967441B235}"
EndProject
Project("{FAE04EC0-301F-11D3-BF4B-00C04F79EFBC}") = "ML", "ML\ML.csproj", "{D5C28949-666D-40F3-AD2F-F194AF170785}"
EndProject
Project("{FAE04EC0-301F-11D3-BF4B-00C04F79EFBC}") = "DL", "DL\DL.csproj", "{9AF70642-E5A6-4EEC-84CD-5C6FE68A405E}"
EndProject
Global
	GlobalSection(SolutionConfigurationPlatforms) = preSolution
		Debug|Any CPU = Debug|Any CPU
		Release|Any CPU = Release|Any CPU
	EndGlobalSection
	GlobalSection(ProjectConfigurationPlatforms) = postSolution
		{8552544D-D73D-4373-A4EF-6C84BBD6256E}.Debug|Any CPU.ActiveCfg = Debug|Any CPU
		{8552544D-D73D-4373-A4EF-6C84BBD6256E}.Debug|Any CPU.Build.0 = Debug|Any CPU
		{8552544D-D73D-4373-A4EF-6C84BBD6256E}.Release|Any CPU.ActiveCfg = Release|Any CPU
		{8552544D-D73D-4373-A4EF-6C84BBD6256E}.Release|Any CPU.Build.0 = Release|Any CPU
		{F78AC3D0-E0F8-4280-B639-26967441B235}.Debug|Any CPU.ActiveCfg = Debug|Any CPU
		{F78AC3D0-E0F8-4280-B639-26967441B235}.Debug|Any CPU.Build.0 = Debug|Any CPU
		{F78AC3D0-E0F8-4280-B639-26967441B235}.Release|Any CPU.ActiveCfg = Release|Any CPU
		{F78AC3D0-E0F8-4280-B639-26967441B235}.Release|Any CPU.Build.0 = Release|Any CPU
		{D5C28949-666D-40F3-AD2F-F194AF170785}.Debug|Any CPU.ActiveCfg = Debug|Any CPU
		{D5C28949-666D-40F3-AD2F-F194AF170785}.Debug|Any CPU.Build.0 = Debug|Any CPU
		{D5C28949-666D-40F3-AD2F-F194AF170785}.Release|Any CPU.ActiveCfg = Release|Any CPU
		{D5C28949-666D-40F3-AD2F-F194AF170785}.Release|Any CPU.Build.0 = Release|Any CPU
		{9AF70642-E5A6-4EEC-84CD-5C6FE68A405E}.Debug|Any CPU.ActiveCfg = Debug|Any CPU
		{9AF70642-E5A6-4EEC-84CD-5C6FE68A405E}.Debug|Any CPU.Build.0 = Debug|Any CPU
		{9AF70642-E5A6-4EEC-84CD-5C6FE68A405E}.Release|Any CPU.ActiveCfg = Release|Any CPU
		{9AF70642-E5A6-4EEC-84CD-5C6FE68A405E}.Release|Any CPU.Build.0 = Release|Any CPU
	EndGlobalSection
	GlobalSection(SolutionProperties) = preSolution
		HideSolutionNode = FALSE
	EndGlobalSection
	GlobalSection(ExtensibilityGlobals) = postSolution
		SolutionGuid = {C977BCA7-E3B6-4D22-A39A-67E96AEB9AC6}
	EndGlobalSection
EndGlobal
